{
    "name": "recipe-ui-vue",
    "version": "0.0.0",
    "lockfileVersion": 3,
    "requires": true,
    "packages": {
        "": {
            "name": "recipe-ui-vue",
            "version": "0.0.0",
            "dependencies": {
                "@progress/kendo-data-query": "^1.7.0",
                "@progress/kendo-drawing": "^1.21.2",
                "@progress/kendo-licensing": "^1.3.5-develop.1",
                "@progress/kendo-svg-icons": "4.0.0",
                "@progress/kendo-theme-default": "^10.0.1",
                "@progress/kendo-vue-animation": "^6.0.1-develop.1",
                "@progress/kendo-vue-common": "^6.0.1-develop.1",
                "@progress/kendo-vue-data-tools": "^6.0.1-develop.1",
                "@progress/kendo-vue-dateinputs": "^6.0.1-develop.1",
                "@progress/kendo-vue-dialogs": "^6.0.1-develop.1",
                "@progress/kendo-vue-dropdowns": "^6.0.1-develop.1",
                "@progress/kendo-vue-grid": "^6.0.1-develop.1",
                "@progress/kendo-vue-indicators": "^6.0.1-develop.1",
                "@progress/kendo-vue-inputs": "^6.0.1-develop.1",
                "@progress/kendo-vue-intl": "^6.0.1-develop.1",
                "bootstrap": "^5.3.3",
                "vue": "^3.5.12"
            },
            "devDependencies": {
                "@vitejs/plugin-vue": "^5.1.4",
                "vite": "^5.4.10"
            }
        },
        "node_modules/@babel/helper-string-parser": {
            "version": "7.25.9",
            "license": "MIT",
            "engines": {
                "node": ">=6.9.0"
            }
        },
        "node_modules/@babel/helper-validator-identifier": {
            "version": "7.25.9",
            "license": "MIT",
            "engines": {
                "node": ">=6.9.0"
            }
        },
        "node_modules/@babel/parser": {
            "version": "7.26.2",
            "license": "MIT",
            "dependencies": {
                "@babel/types": "^7.26.0"
            },
            "bin": {
                "parser": "bin/babel-parser.js"
            },
            "engines": {
                "node": ">=6.0.0"
            }
        },
        "node_modules/@babel/types": {
            "version": "7.26.0",
            "license": "MIT",
            "dependencies": {
                "@babel/helper-string-parser": "^7.25.9",
                "@babel/helper-validator-identifier": "^7.25.9"
            },
            "engines": {
                "node": ">=6.9.0"
            }
        },
        "node_modules/@esbuild/win32-x64": {
            "version": "0.21.5",
            "cpu": [
                "x64"
            ],
            "dev": true,
            "license": "MIT",
            "optional": true,
            "os": [
                "win32"
            ],
            "engines": {
                "node": ">=12"
            }
        },
        "node_modules/@jridgewell/sourcemap-codec": {
            "version": "1.5.0",
            "license": "MIT"
        },
        "node_modules/@popperjs/core": {
            "version": "2.11.8",
            "resolved": "https://registry.npmjs.org/@popperjs/core/-/core-2.11.8.tgz",
            "integrity": "sha512-P1st0aksCrn9sGZhp8GMYwBnQsbvAWsZAX44oXNNvLHGqAOcoVxmjZiohstwQ7SqKnbR47akdNi+uleWD8+g6A==",
            "license": "MIT",
            "peer": true,
            "funding": {
                "type": "opencollective",
                "url": "https://opencollective.com/popperjs"
            }
        },
        "node_modules/@progress/kendo-common": {
            "version": "1.0.2",
            "resolved": "https://registry.npmjs.org/@progress/kendo-common/-/kendo-common-1.0.2.tgz",
            "integrity": "sha512-PHxnquetSmtmXiF4dmlQiypzXaFLUEPK3VAOHxmnRDrLxaPrcZfaW9FOOiyur8hv4QmXlohISMwMElZS8Xi1Ag==",
            "license": "SEE LICENSE IN LICENSE.md",
            "dependencies": {
                "tslib": "^1.7.0"
            }
        },
        "node_modules/@progress/kendo-data-query": {
            "version": "1.7.0",
            "resolved": "https://registry.npmjs.org/@progress/kendo-data-query/-/kendo-data-query-1.7.0.tgz",
            "integrity": "sha512-mB+2WZFAZghxRwBhgWiJIysx7qcFkilnbcZWq0AfQ3KXfC3N5IY/EuKJNijhYrTdauYA1eL1GMe2FHsOWAlRHA==",
            "license": "SEE LICENSE IN LICENSE.md",
            "dependencies": {
                "tslib": "^1.7.0"
            }
        },
        "node_modules/@progress/kendo-date-math": {
            "version": "1.5.14",
            "resolved": "https://registry.npmjs.org/@progress/kendo-date-math/-/kendo-date-math-1.5.14.tgz",
            "integrity": "sha512-uJDYQWIm5/kEc0SD6wG+yt2ttHE4/CfPlVhRPSYdrbNetZ1IAls/f37jCgXv7IYm6KZ5ImXlRWlwa/V1q9XXDg==",
            "license": "SEE LICENSE IN LICENSE.md",
            "peer": true,
            "dependencies": {
                "tslib": "^1.7.0"
            }
        },
        "node_modules/@progress/kendo-draggable": {
            "version": "3.1.0",
            "resolved": "https://registry.npmjs.org/@progress/kendo-draggable/-/kendo-draggable-3.1.0.tgz",
            "integrity": "sha512-S5AHF9uiy44um+06ABJcjZn/wpO3ZwLahd2BhiTd7NeBVPt5lkj2bjdmkd88GEIIBKmT7FOK308WUt5/MmKVTQ==",
            "license": "Apache-2.0"
        },
        "node_modules/@progress/kendo-drawing": {
            "version": "1.21.2",
            "resolved": "https://registry.npmjs.org/@progress/kendo-drawing/-/kendo-drawing-1.21.2.tgz",
            "integrity": "sha512-1U/0EpVRk71nOMHQVYjdNbUwuZAaTT46xY6PPrtMATPPywIenJuK+NlRQFIdcbyY7/WplHJxLdIrmOVpKJvkcw==",
            "license": "See license in LICENSE.md",
            "dependencies": {
                "@progress/kendo-common": "^1.0.1",
                "@progress/pako-esm": "^1.0.1"
            }
        },
        "node_modules/@progress/kendo-inputs-common": {
            "version": "3.1.1",
            "resolved": "https://registry.npmjs.org/@progress/kendo-inputs-common/-/kendo-inputs-common-3.1.1.tgz",
            "integrity": "sha512-OqID8+2DuAnUET0W1j357qqTPvws6hnByt2h5+uVS7uK9Wmt/NHA0gVhdYmh+Jyv6Pw+S2epSk47mDsfyreKYA==",
            "license": "SEE LICENSE IN LICENSE.md",
            "dependencies": {
                "tslib": "^2.3.1"
            },
            "peerDependencies": {
                "@progress/kendo-drawing": "^1.17.0"
            }
        },
        "node_modules/@progress/kendo-inputs-common/node_modules/tslib": {
            "version": "2.8.1",
            "resolved": "https://registry.npmjs.org/tslib/-/tslib-2.8.1.tgz",
            "integrity": "sha512-oJFu94HQb+KVduSUQL7wnpmqnfmLsOA/nAh6b6EH0wCEoK0/mPeXU6c3wKDV83MkOuHPRHtSXKKU99IBazS/2w==",
            "license": "0BSD"
        },
        "node_modules/@progress/kendo-intl": {
            "version": "3.1.2",
            "resolved": "https://registry.npmjs.org/@progress/kendo-intl/-/kendo-intl-3.1.2.tgz",
            "integrity": "sha512-rOtMppQSrScwryMfeQSOdsnRi9Oj1l08HFoEC2ticZ0T2N0/JN9CHt+fuToRx5onXK7QkcbbuNM0D09o8TeeMw==",
            "license": "Apache-2.0",
            "peer": true
        },
        "node_modules/@progress/kendo-licensing": {
            "version": "1.3.5",
            "resolved": "https://registry.npmjs.org/@progress/kendo-licensing/-/kendo-licensing-1.3.5.tgz",
            "integrity": "sha512-HWxM6Ov1g0LvOQN9sp+3N1h+YpF0OKq7rWW2bqoJnkyHy8woC8Ve6ew6KmHdbeaKMgikVOYgyo5NTjef2j+gVQ==",
            "hasInstallScript": true,
            "license": "SEE LICENSE IN LICENSE.md",
            "dependencies": {
                "jsonwebtoken": "^9.0.2"
            },
            "bin": {
                "kendo-ui-license": "bin/kendo-ui-license.js"
            }
        },
        "node_modules/@progress/kendo-popup-common": {
            "version": "1.9.2",
            "resolved": "https://registry.npmjs.org/@progress/kendo-popup-common/-/kendo-popup-common-1.9.2.tgz",
            "integrity": "sha512-Gs50UafJcERiGuSP/47Yg7ftPX3HQXiK5M9zHB8sHSoc1/AEYd0/Sj5wh8UrVVBAM9b0pUTwmEuzQ/D5yDDd2Q==",
            "license": "Apache-2.0",
            "peer": true
        },
        "node_modules/@progress/kendo-svg-icons": {
            "version": "4.0.0",
            "resolved": "https://registry.npmjs.org/@progress/kendo-svg-icons/-/kendo-svg-icons-4.0.0.tgz",
            "integrity": "sha512-u3JcSBm+0W4o2TTiLWe372F0we2K5GkXDDTNcqpVayi/0XxKguRuPN7Bnfv/NYPt32JM+pc6EwmWvOnUC0F8MA==",
            "license": "Apache-2.0"
        },
        "node_modules/@progress/kendo-theme-core": {
            "version": "10.0.1",
            "resolved": "https://registry.npmjs.org/@progress/kendo-theme-core/-/kendo-theme-core-10.0.1.tgz",
            "integrity": "sha512-DbMt1c/zXTS54Q65RFXlEnw7iUcCGkh/s7ZLvxG+gS9ZbODeFGku7wHsfJfrURz02HFwrbvH7cFHiEqvwnGE5g==",
            "license": "Apache-2.0"
        },
        "node_modules/@progress/kendo-theme-default": {
            "version": "10.0.1",
            "resolved": "https://registry.npmjs.org/@progress/kendo-theme-default/-/kendo-theme-default-10.0.1.tgz",
            "integrity": "sha512-wc5IigmG32+xfvUj8IAWHdMQBCu3HLG/7ZBNiY7X+puBMSkbTjDk8mwWhlRagje9wltEd1GPGGDVOY7oCqRU8g==",
            "license": "Apache-2.0",
            "dependencies": {
                "@progress/kendo-svg-icons": "^4.0.0",
                "@progress/kendo-theme-core": "10.0.1",
                "@progress/kendo-theme-utils": "10.0.1"
            }
        },
        "node_modules/@progress/kendo-theme-utils": {
            "version": "10.0.1",
            "resolved": "https://registry.npmjs.org/@progress/kendo-theme-utils/-/kendo-theme-utils-10.0.1.tgz",
            "integrity": "sha512-QkNEuKcR5I3elLNHDbxG+OHwYMshKdZq9zw48ZAG17w0GU9F3wHl7rlv05eegk2ncpvyKc8SvogZTWX4uR49rQ==",
            "license": "Apache-2.0",
            "dependencies": {
                "@progress/kendo-theme-core": "10.0.1"
            }
        },
        "node_modules/@progress/kendo-vue-animation": {
            "version": "6.0.1-develop.1",
            "resolved": "https://registry.npmjs.org/@progress/kendo-vue-animation/-/kendo-vue-animation-6.0.1-develop.1.tgz",
            "integrity": "sha512-Z3/eSVXfC1ObjQoGGgEV8+vKfww8Vr8nnl5+yr1V2P3Sz4bqGm53rHL4wgUOXBDcbJvYl6oo09GZf4C/AoQH6Q==",
            "license": "SEE LICENSE IN LICENSE.md",
            "peerDependencies": {
                "@progress/kendo-licensing": "^1.3.4",
                "@progress/kendo-svg-icons": "^4.0.0",
                "@progress/kendo-vue-common": "6.0.1-develop.1",
                "vue": "^3.0.2"
            }
        },
        "node_modules/@progress/kendo-vue-buttons": {
            "version": "6.0.1-develop.1",
            "resolved": "https://registry.npmjs.org/@progress/kendo-vue-buttons/-/kendo-vue-buttons-6.0.1-develop.1.tgz",
            "integrity": "sha512-htIzD+7xmY4lZFpgsb1+e/oHyeLUUFvhNHkgc0bV/MpSRD7z38qdPCBm607DXIje0eFlh5IWB49mxN7/TPBeKw==",
            "license": "SEE LICENSE IN LICENSE.md",
            "peer": true,
            "peerDependencies": {
                "@progress/kendo-licensing": "^1.3.5",
                "@progress/kendo-svg-icons": "^4.0.0",
                "@progress/kendo-vue-common": "6.0.1-develop.1",
                "@progress/kendo-vue-popup": "6.0.1-develop.1",
                "vue": "^3.0.2"
            }
        },
        "node_modules/@progress/kendo-vue-common": {
            "version": "6.0.1-develop.1",
            "resolved": "https://registry.npmjs.org/@progress/kendo-vue-common/-/kendo-vue-common-6.0.1-develop.1.tgz",
            "integrity": "sha512-2ACikgpper1nWe8ByaJ+996qgk7PdJZAps70NqXTD8KJ9CKCTXJs3Z5VRcAb1vvvlJNuamq5BbhG42OcPp9mEA==",
            "license": "SEE LICENSE IN LICENSE.md",
            "dependencies": {
                "@progress/kendo-draggable": "^3.1.0"
            },
            "peerDependencies": {
                "@progress/kendo-licensing": "^1.3.0",
                "vue": "^3.0.2"
            }
        },
        "node_modules/@progress/kendo-vue-data-tools": {
            "version": "6.0.1-develop.1",
            "resolved": "https://registry.npmjs.org/@progress/kendo-vue-data-tools/-/kendo-vue-data-tools-6.0.1-develop.1.tgz",
            "integrity": "sha512-N7aVMAeHGjNqPhzw8aiwGzrwDam8s2XLo2j7s+Eouq4Mu9X8KaxyHpZ3m4ENy+0rHtuFdYGYC5hHt04JMooGOw==",
            "license": "SEE LICENSE IN LICENSE.md",
            "peerDependencies": {
                "@progress/kendo-data-query": "^1.7.0",
                "@progress/kendo-licensing": "^1.3.4",
                "@progress/kendo-svg-icons": "^4.0.0",
                "@progress/kendo-vue-animation": "6.0.1-develop.1",
                "@progress/kendo-vue-buttons": "6.0.1-develop.1",
                "@progress/kendo-vue-common": "6.0.1-develop.1",
                "@progress/kendo-vue-dateinputs": "6.0.1-develop.1",
                "@progress/kendo-vue-dropdowns": "6.0.1-develop.1",
                "@progress/kendo-vue-inputs": "6.0.1-develop.1",
                "@progress/kendo-vue-intl": "6.0.1-develop.1",
                "@progress/kendo-vue-popup": "6.0.1-develop.1",
                "vue": "^3.0.2"
            }
        },
        "node_modules/@progress/kendo-vue-dateinputs": {
            "version": "6.0.1-develop.1",
            "resolved": "https://registry.npmjs.org/@progress/kendo-vue-dateinputs/-/kendo-vue-dateinputs-6.0.1-develop.1.tgz",
            "integrity": "sha512-ItNHmliScqLAsoHl9RKQQ3jLvKoEd/WGtFEAoA7eZHJdLsXWdVcPQRYvh+sBVlNu/ttgmydAxtl4tMhSG2Bw7w==",
            "license": "SEE LICENSE IN LICENSE.md",
            "peerDependencies": {
                "@progress/kendo-date-math": "^1.4.0",
                "@progress/kendo-licensing": "^1.3.4",
                "@progress/kendo-svg-icons": "^4.0.0",
                "@progress/kendo-vue-buttons": "6.0.1-develop.1",
                "@progress/kendo-vue-common": "6.0.1-develop.1",
                "@progress/kendo-vue-intl": "6.0.1-develop.1",
                "@progress/kendo-vue-labels": "6.0.1-develop.1",
                "@progress/kendo-vue-layout": "6.0.1-develop.1",
                "@progress/kendo-vue-popup": "6.0.1-develop.1",
                "vue": "^3.0.2"
            }
        },
        "node_modules/@progress/kendo-vue-dialogs": {
            "version": "6.0.1-develop.1",
            "resolved": "https://registry.npmjs.org/@progress/kendo-vue-dialogs/-/kendo-vue-dialogs-6.0.1-develop.1.tgz",
            "integrity": "sha512-HW46xQ0spRajJZ/OacFuRqv6k7fLFRYauxzlgTizLXULgKgQwIrvm/lNNO0oqvDRqshywQLdqEODvJ9cj70bRg==",
            "license": "SEE LICENSE IN LICENSE.md",
            "peerDependencies": {
                "@progress/kendo-licensing": "^1.3.4",
                "@progress/kendo-svg-icons": "^4.0.0",
                "@progress/kendo-vue-buttons": "6.0.1-develop.1",
                "@progress/kendo-vue-common": "6.0.1-develop.1",
                "vue": "^3.0.2"
            }
        },
        "node_modules/@progress/kendo-vue-dropdowns": {
            "version": "6.0.1-develop.1",
            "resolved": "https://registry.npmjs.org/@progress/kendo-vue-dropdowns/-/kendo-vue-dropdowns-6.0.1-develop.1.tgz",
            "integrity": "sha512-bxLIFVZW74tnOvbiaIce9Lae8PqRMw4fgIT033kI66/lpOPYL54/wEQ3RNcFusfONArWm9JZ07ED1OV75dqqzQ==",
            "license": "SEE LICENSE IN LICENSE.md",
            "peerDependencies": {
                "@progress/kendo-licensing": "^1.3.4",
                "@progress/kendo-svg-icons": "^4.0.0",
                "@progress/kendo-vue-buttons": "6.0.1-develop.1",
                "@progress/kendo-vue-common": "6.0.1-develop.1",
                "@progress/kendo-vue-inputs": "6.0.1-develop.1",
                "@progress/kendo-vue-intl": "6.0.1-develop.1",
                "@progress/kendo-vue-labels": "6.0.1-develop.1",
                "@progress/kendo-vue-layout": "6.0.1-develop.1",
                "@progress/kendo-vue-popup": "6.0.1-develop.1",
                "@progress/kendo-vue-treeview": "6.0.1-develop.1",
                "vue": "^3.0.2"
            }
        },
        "node_modules/@progress/kendo-vue-grid": {
            "version": "6.0.1-develop.1",
            "resolved": "https://registry.npmjs.org/@progress/kendo-vue-grid/-/kendo-vue-grid-6.0.1-develop.1.tgz",
            "integrity": "sha512-QopOFt01tX55rMSr7aaLjksln+vJNL4T2YsE1hKM3lH/fi4wpSJSCgafNoZ0IIVFFYz4pMPnKs2Vn6qO/j1Wrw==",
            "license": "SEE LICENSE IN LICENSE.md",
            "peerDependencies": {
                "@progress/kendo-data-query": "^1.7.0",
                "@progress/kendo-drawing": "^1.21.1",
                "@progress/kendo-licensing": "^1.3.4",
                "@progress/kendo-svg-icons": "^4.0.0",
                "@progress/kendo-vue-animation": "6.0.1-develop.1",
                "@progress/kendo-vue-buttons": "6.0.1-develop.1",
                "@progress/kendo-vue-common": "6.0.1-develop.1",
                "@progress/kendo-vue-data-tools": "6.0.1-develop.1",
                "@progress/kendo-vue-dateinputs": "6.0.1-develop.1",
                "@progress/kendo-vue-dropdowns": "6.0.1-develop.1",
                "@progress/kendo-vue-inputs": "6.0.1-develop.1",
                "@progress/kendo-vue-intl": "6.0.1-develop.1",
                "@progress/kendo-vue-popup": "6.0.1-develop.1",
                "vue": "^3.0.2"
            }
        },
        "node_modules/@progress/kendo-vue-indicators": {
            "version": "6.0.1-develop.1",
            "resolved": "https://registry.npmjs.org/@progress/kendo-vue-indicators/-/kendo-vue-indicators-6.0.1-develop.1.tgz",
            "integrity": "sha512-D4auBFSlvScOIeN1uh8Q+I56cpn+pXMVDQxtTzH977ek918hQO+kV9/Lqcow9Oi8lbZPKMCH2WfNgtZZD640EA==",
            "license": "SEE LICENSE IN LICENSE.md",
            "peerDependencies": {
                "@progress/kendo-licensing": "^1.3.4",
                "@progress/kendo-vue-common": "6.0.1-develop.1",
                "vue": "^3.0.2"
            }
        },
        "node_modules/@progress/kendo-vue-inputs": {
            "version": "6.0.1-develop.1",
            "resolved": "https://registry.npmjs.org/@progress/kendo-vue-inputs/-/kendo-vue-inputs-6.0.1-develop.1.tgz",
            "integrity": "sha512-7iimoj8142GihBImGq9n7X+aXs9FC/7e1hPdu81DSU5JawP4bob5wGjut3bc9c122CzzAOYyX2Et683OykKwnQ==",
            "license": "SEE LICENSE IN LICENSE.md",
            "dependencies": {
                "@progress/kendo-inputs-common": "^3.1.0"
            },
            "peerDependencies": {
                "@progress/kendo-drawing": "^1.21.1",
                "@progress/kendo-licensing": "^1.3.4",
                "@progress/kendo-svg-icons": "^4.0.0",
                "@progress/kendo-vue-animation": "6.0.1-develop.1",
                "@progress/kendo-vue-buttons": "6.0.1-develop.1",
                "@progress/kendo-vue-common": "6.0.1-develop.1",
                "@progress/kendo-vue-dialogs": "6.0.1-develop.1",
                "@progress/kendo-vue-intl": "6.0.1-develop.1",
                "@progress/kendo-vue-labels": "6.0.1-develop.1",
                "@progress/kendo-vue-popup": "6.0.1-develop.1",
                "vue": "^3.0.2"
            }
        },
        "node_modules/@progress/kendo-vue-intl": {
            "version": "6.0.1-develop.1",
            "resolved": "https://registry.npmjs.org/@progress/kendo-vue-intl/-/kendo-vue-intl-6.0.1-develop.1.tgz",
            "integrity": "sha512-PRgCttGyz27yReQDXYxY8qzN8DcO+o+JDpT1Zz11SEuZ6oXnX1UWaVP/Anu4PCyDRvv0VKVfiIKum9toPTjWiw==",
            "license": "SEE LICENSE IN LICENSE.md",
            "peerDependencies": {
                "@progress/kendo-intl": "^3.1.1",
                "@progress/kendo-licensing": "^1.3.4",
                "@progress/kendo-vue-common": "6.0.1-develop.1",
                "vue": "^3.0.2"
            }
        },
        "node_modules/@progress/kendo-vue-labels": {
            "version": "6.0.1-develop.1",
            "resolved": "https://registry.npmjs.org/@progress/kendo-vue-labels/-/kendo-vue-labels-6.0.1-develop.1.tgz",
            "integrity": "sha512-nOmznrMAiBhx8rAfl8VKafR91XtWaaWwXUXthpcFuBRfTfCphEG/KBIPifroypBddAzGMvkVKuVMwVnTnwuAWg==",
            "license": "SEE LICENSE IN LICENSE.md",
            "peer": true,
            "peerDependencies": {
                "@progress/kendo-licensing": "^1.3.5",
                "@progress/kendo-vue-common": "6.0.1-develop.1",
                "@progress/kendo-vue-intl": "6.0.1-develop.1",
                "vue": "^3.0.2"
            }
        },
        "node_modules/@progress/kendo-vue-layout": {
            "version": "6.0.1-develop.1",
            "resolved": "https://registry.npmjs.org/@progress/kendo-vue-layout/-/kendo-vue-layout-6.0.1-develop.1.tgz",
            "integrity": "sha512-NThD9P82f4I8YGfRKLotbfyLdWtzywKzvlqyJIw0Le4AJ2Ri64n7yk9L5aSzD9c3P9vmqHhf5f63NuQNHRQOYA==",
            "license": "SEE LICENSE IN LICENSE.md",
            "peer": true,
            "peerDependencies": {
                "@progress/kendo-licensing": "^1.3.4",
                "@progress/kendo-svg-icons": "^4.0.0",
                "@progress/kendo-vue-animation": "6.0.1-develop.1",
                "@progress/kendo-vue-common": "6.0.1-develop.1",
                "@progress/kendo-vue-intl": "6.0.1-develop.1",
                "@progress/kendo-vue-popup": "6.0.1-develop.1",
                "@progress/kendo-vue-progressbars": "6.0.1-develop.1",
                "vue": "^3.0.2"
            }
        },
        "node_modules/@progress/kendo-vue-popup": {
            "version": "6.0.1-develop.1",
            "resolved": "https://registry.npmjs.org/@progress/kendo-vue-popup/-/kendo-vue-popup-6.0.1-develop.1.tgz",
            "integrity": "sha512-omdqj5A+du03ZCfjVjRpn5Cblwujj8EdnwOUsHGVySqtZhc/yxnkf6QvEpRLjDOTwgXcpWLebWFBXhnFVu4s7A==",
            "license": "SEE LICENSE IN LICENSE.md",
            "peer": true,
            "dependencies": {
                "@progress/kendo-popup-common": "^1.9.0"
            },
            "peerDependencies": {
                "@progress/kendo-licensing": "^1.3.0",
                "@progress/kendo-vue-animation": "6.0.1-develop.1",
                "@progress/kendo-vue-common": "6.0.1-develop.1",
                "vue": "^3.0.2"
            }
        },
        "node_modules/@progress/kendo-vue-progressbars": {
            "version": "6.0.1-develop.1",
            "resolved": "https://registry.npmjs.org/@progress/kendo-vue-progressbars/-/kendo-vue-progressbars-6.0.1-develop.1.tgz",
            "integrity": "sha512-P61cTRAOY9c3y3wOvVrmbkXU87+KxTWQ2ymPq8MVneFeLFViG16BEKpBMHCErD4AoOSP8yB1DKOuANO1zRRLsw==",
            "license": "SEE LICENSE IN LICENSE.md",
            "peer": true,
            "peerDependencies": {
                "@progress/kendo-licensing": "^1.3.4",
                "@progress/kendo-vue-animation": "6.0.1-develop.1",
                "@progress/kendo-vue-common": "6.0.1-develop.1",
                "vue": "^3.0.2"
            }
        },
        "node_modules/@progress/kendo-vue-treeview": {
            "version": "6.0.1-develop.1",
            "resolved": "https://registry.npmjs.org/@progress/kendo-vue-treeview/-/kendo-vue-treeview-6.0.1-develop.1.tgz",
            "integrity": "sha512-dvYNxrVGhnBoGWz5Nh75K93/Mlswgf1KjZ2Hjx3TlfPuUUBY2xAJkBnm/8wkx8aS4I0IuwXbjuAodfj46C/jWQ==",
            "license": "SEE LICENSE IN LICENSE.md",
            "peer": true,
            "peerDependencies": {
                "@progress/kendo-licensing": "^1.3.4",
                "@progress/kendo-svg-icons": "^4.0.0",
                "@progress/kendo-vue-animation": "6.0.1-develop.1",
                "@progress/kendo-vue-common": "6.0.1-develop.1",
                "vue": "^3.0.2"
            }
        },
        "node_modules/@progress/pako-esm": {
            "version": "1.0.1",
            "resolved": "https://registry.npmjs.org/@progress/pako-esm/-/pako-esm-1.0.1.tgz",
            "integrity": "sha512-O4A3b1EuE9Xe1pC3Xz9Tcn1M/CYrL71f4y/5TXeytOVTkmkzBgYW97fYP2f+54H0e0erWRaqV/kUUB/a8Uxfbw==",
            "license": "SEE LICENSE IN LICENSE.md"
        },
        "node_modules/@rollup/rollup-win32-x64-msvc": {
            "version": "4.26.0",
            "cpu": [
                "x64"
            ],
            "dev": true,
            "license": "MIT",
            "optional": true,
            "os": [
                "win32"
            ]
        },
        "node_modules/@types/estree": {
            "version": "1.0.6",
            "dev": true,
            "license": "MIT"
        },
        "node_modules/@vitejs/plugin-vue": {
            "version": "5.2.0",
            "dev": true,
            "license": "MIT",
            "engines": {
                "node": "^18.0.0 || >=20.0.0"
            },
            "peerDependencies": {
                "vite": "^5.0.0",
                "vue": "^3.2.25"
            }
        },
        "node_modules/@vue/compiler-core": {
            "version": "3.5.12",
            "license": "MIT",
            "dependencies": {
                "@babel/parser": "^7.25.3",
                "@vue/shared": "3.5.12",
                "entities": "^4.5.0",
                "estree-walker": "^2.0.2",
                "source-map-js": "^1.2.0"
            }
        },
        "node_modules/@vue/compiler-dom": {
            "version": "3.5.12",
            "license": "MIT",
            "dependencies": {
                "@vue/compiler-core": "3.5.12",
                "@vue/shared": "3.5.12"
            }
        },
        "node_modules/@vue/compiler-sfc": {
            "version": "3.5.12",
            "license": "MIT",
            "dependencies": {
                "@babel/parser": "^7.25.3",
                "@vue/compiler-core": "3.5.12",
                "@vue/compiler-dom": "3.5.12",
                "@vue/compiler-ssr": "3.5.12",
                "@vue/shared": "3.5.12",
                "estree-walker": "^2.0.2",
                "magic-string": "^0.30.11",
                "postcss": "^8.4.47",
                "source-map-js": "^1.2.0"
            }
        },
        "node_modules/@vue/compiler-ssr": {
            "version": "3.5.12",
            "license": "MIT",
            "dependencies": {
                "@vue/compiler-dom": "3.5.12",
                "@vue/shared": "3.5.12"
            }
        },
        "node_modules/@vue/reactivity": {
            "version": "3.5.12",
            "license": "MIT",
            "dependencies": {
                "@vue/shared": "3.5.12"
            }
        },
        "node_modules/@vue/runtime-core": {
            "version": "3.5.12",
            "license": "MIT",
            "dependencies": {
                "@vue/reactivity": "3.5.12",
                "@vue/shared": "3.5.12"
            }
        },
        "node_modules/@vue/runtime-dom": {
            "version": "3.5.12",
            "license": "MIT",
            "dependencies": {
                "@vue/reactivity": "3.5.12",
                "@vue/runtime-core": "3.5.12",
                "@vue/shared": "3.5.12",
                "csstype": "^3.1.3"
            }
        },
        "node_modules/@vue/server-renderer": {
            "version": "3.5.12",
            "license": "MIT",
            "dependencies": {
                "@vue/compiler-ssr": "3.5.12",
                "@vue/shared": "3.5.12"
            },
            "peerDependencies": {
                "vue": "3.5.12"
            }
        },
        "node_modules/@vue/shared": {
            "version": "3.5.12",
            "license": "MIT"
        },
        "node_modules/bootstrap": {
            "version": "5.3.3",
            "resolved": "https://registry.npmjs.org/bootstrap/-/bootstrap-5.3.3.tgz",
            "integrity": "sha512-8HLCdWgyoMguSO9o+aH+iuZ+aht+mzW0u3HIMzVu7Srrpv7EBBxTnrFlSCskwdY1+EOFQSm7uMJhNQHkdPcmjg==",
            "funding": [
                {
                    "type": "github",
                    "url": "https://github.com/sponsors/twbs"
                },
                {
                    "type": "opencollective",
                    "url": "https://opencollective.com/bootstrap"
                }
            ],
            "license": "MIT",
            "peerDependencies": {
                "@popperjs/core": "^2.11.8"
            }
        },
        "node_modules/buffer-equal-constant-time": {
            "version": "1.0.1",
            "license": "BSD-3-Clause"
        },
        "node_modules/csstype": {
            "version": "3.1.3",
            "license": "MIT"
        },
        "node_modules/ecdsa-sig-formatter": {
            "version": "1.0.11",
            "license": "Apache-2.0",
            "dependencies": {
                "safe-buffer": "^5.0.1"
            }
        },
        "node_modules/entities": {
            "version": "4.5.0",
            "license": "BSD-2-Clause",
            "engines": {
                "node": ">=0.12"
            },
            "funding": {
                "url": "https://github.com/fb55/entities?sponsor=1"
            }
        },
        "node_modules/esbuild": {
            "version": "0.21.5",
            "dev": true,
            "hasInstallScript": true,
            "license": "MIT",
            "bin": {
                "esbuild": "bin/esbuild"
            },
            "engines": {
                "node": ">=12"
            },
            "optionalDependencies": {
                "@esbuild/aix-ppc64": "0.21.5",
                "@esbuild/android-arm": "0.21.5",
                "@esbuild/android-arm64": "0.21.5",
                "@esbuild/android-x64": "0.21.5",
                "@esbuild/darwin-arm64": "0.21.5",
                "@esbuild/darwin-x64": "0.21.5",
                "@esbuild/freebsd-arm64": "0.21.5",
                "@esbuild/freebsd-x64": "0.21.5",
                "@esbuild/linux-arm": "0.21.5",
                "@esbuild/linux-arm64": "0.21.5",
                "@esbuild/linux-ia32": "0.21.5",
                "@esbuild/linux-loong64": "0.21.5",
                "@esbuild/linux-mips64el": "0.21.5",
                "@esbuild/linux-ppc64": "0.21.5",
                "@esbuild/linux-riscv64": "0.21.5",
                "@esbuild/linux-s390x": "0.21.5",
                "@esbuild/linux-x64": "0.21.5",
                "@esbuild/netbsd-x64": "0.21.5",
                "@esbuild/openbsd-x64": "0.21.5",
                "@esbuild/sunos-x64": "0.21.5",
                "@esbuild/win32-arm64": "0.21.5",
                "@esbuild/win32-ia32": "0.21.5",
                "@esbuild/win32-x64": "0.21.5"
            }
        },
        "node_modules/estree-walker": {
            "version": "2.0.2",
            "license": "MIT"
        },
        "node_modules/jsonwebtoken": {
            "version": "9.0.2",
            "license": "MIT",
            "dependencies": {
                "jws": "^3.2.2",
                "lodash.includes": "^4.3.0",
                "lodash.isboolean": "^3.0.3",
                "lodash.isinteger": "^4.0.4",
                "lodash.isnumber": "^3.0.3",
                "lodash.isplainobject": "^4.0.6",
                "lodash.isstring": "^4.0.1",
                "lodash.once": "^4.0.0",
                "ms": "^2.1.1",
                "semver": "^7.5.4"
            },
            "engines": {
                "node": ">=12",
                "npm": ">=6"
            }
        },
        "node_modules/jwa": {
            "version": "1.4.1",
            "license": "MIT",
            "dependencies": {
                "buffer-equal-constant-time": "1.0.1",
                "ecdsa-sig-formatter": "1.0.11",
                "safe-buffer": "^5.0.1"
            }
        },
        "node_modules/jws": {
            "version": "3.2.2",
            "license": "MIT",
            "dependencies": {
                "jwa": "^1.4.1",
                "safe-buffer": "^5.0.1"
            }
        },
        "node_modules/lodash.includes": {
            "version": "4.3.0",
            "license": "MIT"
        },
        "node_modules/lodash.isboolean": {
            "version": "3.0.3",
            "license": "MIT"
        },
        "node_modules/lodash.isinteger": {
            "version": "4.0.4",
            "license": "MIT"
        },
        "node_modules/lodash.isnumber": {
            "version": "3.0.3",
            "license": "MIT"
        },
        "node_modules/lodash.isplainobject": {
            "version": "4.0.6",
            "license": "MIT"
        },
        "node_modules/lodash.isstring": {
            "version": "4.0.1",
            "license": "MIT"
        },
        "node_modules/lodash.once": {
            "version": "4.1.1",
            "license": "MIT"
        },
        "node_modules/magic-string": {
            "version": "0.30.12",
            "license": "MIT",
            "dependencies": {
                "@jridgewell/sourcemap-codec": "^1.5.0"
            }
        },
        "node_modules/ms": {
            "version": "2.1.3",
            "license": "MIT"
        },
        "node_modules/nanoid": {
            "version": "3.3.7",
            "funding": [
                {
                    "type": "github",
                    "url": "https://github.com/sponsors/ai"
                }
            ],
            "license": "MIT",
            "bin": {
                "nanoid": "bin/nanoid.cjs"
            },
            "engines": {
                "node": "^10 || ^12 || ^13.7 || ^14 || >=15.0.1"
            }
        },
        "node_modules/picocolors": {
            "version": "1.1.1",
            "license": "ISC"
        },
        "node_modules/postcss": {
            "version": "8.4.49",
            "funding": [
                {
                    "type": "opencollective",
                    "url": "https://opencollective.com/postcss/"
                },
                {
                    "type": "tidelift",
                    "url": "https://tidelift.com/funding/github/npm/postcss"
                },
                {
                    "type": "github",
                    "url": "https://github.com/sponsors/ai"
                }
            ],
            "license": "MIT",
            "dependencies": {
                "nanoid": "^3.3.7",
                "picocolors": "^1.1.1",
                "source-map-js": "^1.2.1"
            },
            "engines": {
                "node": "^10 || ^12 || >=14"
            }
        },
        "node_modules/rollup": {
            "version": "4.26.0",
            "dev": true,
            "license": "MIT",
            "dependencies": {
                "@types/estree": "1.0.6"
            },
            "bin": {
                "rollup": "dist/bin/rollup"
            },
            "engines": {
                "node": ">=18.0.0",
                "npm": ">=8.0.0"
            },
            "optionalDependencies": {
                "@rollup/rollup-android-arm-eabi": "4.26.0",
                "@rollup/rollup-android-arm64": "4.26.0",
                "@rollup/rollup-darwin-arm64": "4.26.0",
                "@rollup/rollup-darwin-x64": "4.26.0",
                "@rollup/rollup-freebsd-arm64": "4.26.0",
                "@rollup/rollup-freebsd-x64": "4.26.0",
                "@rollup/rollup-linux-arm-gnueabihf": "4.26.0",
                "@rollup/rollup-linux-arm-musleabihf": "4.26.0",
                "@rollup/rollup-linux-arm64-gnu": "4.26.0",
                "@rollup/rollup-linux-arm64-musl": "4.26.0",
                "@rollup/rollup-linux-powerpc64le-gnu": "4.26.0",
                "@rollup/rollup-linux-riscv64-gnu": "4.26.0",
                "@rollup/rollup-linux-s390x-gnu": "4.26.0",
                "@rollup/rollup-linux-x64-gnu": "4.26.0",
                "@rollup/rollup-linux-x64-musl": "4.26.0",
                "@rollup/rollup-win32-arm64-msvc": "4.26.0",
                "@rollup/rollup-win32-ia32-msvc": "4.26.0",
                "@rollup/rollup-win32-x64-msvc": "4.26.0",
                "fsevents": "~2.3.2"
            }
        },
        "node_modules/safe-buffer": {
            "version": "5.2.1",
            "funding": [
                {
                    "type": "github",
                    "url": "https://github.com/sponsors/feross"
                },
                {
                    "type": "patreon",
                    "url": "https://www.patreon.com/feross"
                },
                {
                    "type": "consulting",
                    "url": "https://feross.org/support"
                }
            ],
            "license": "MIT"
        },
        "node_modules/semver": {
            "version": "7.6.3",
            "license": "ISC",
            "bin": {
                "semver": "bin/semver.js"
            },
            "engines": {
                "node": ">=10"
            }
        },
        "node_modules/source-map-js": {
            "version": "1.2.1",
            "license": "BSD-3-Clause",
            "engines": {
                "node": ">=0.10.0"
            }
        },
        "node_modules/tslib": {
            "version": "1.14.1",
            "license": "0BSD"
        },
        "node_modules/vite": {
            "version": "5.4.11",
            "dev": true,
            "license": "MIT",
            "dependencies": {
                "esbuild": "^0.21.3",
                "postcss": "^8.4.43",
                "rollup": "^4.20.0"
            },
            "bin": {
                "vite": "bin/vite.js"
            },
            "engines": {
                "node": "^18.0.0 || >=20.0.0"
            },
            "funding": {
                "url": "https://github.com/vitejs/vite?sponsor=1"
            },
            "optionalDependencies": {
                "fsevents": "~2.3.3"
            },
            "peerDependencies": {
                "@types/node": "^18.0.0 || >=20.0.0",
                "less": "*",
                "lightningcss": "^1.21.0",
                "sass": "*",
                "sass-embedded": "*",
                "stylus": "*",
                "sugarss": "*",
                "terser": "^5.4.0"
            },
            "peerDependenciesMeta": {
                "@types/node": {
                    "optional": true
                },
                "less": {
                    "optional": true
                },
                "lightningcss": {
                    "optional": true
                },
                "sass": {
                    "optional": true
                },
                "sass-embedded": {
                    "optional": true
                },
                "stylus": {
                    "optional": true
                },
                "sugarss": {
                    "optional": true
                },
                "terser": {
                    "optional": true
                }
            }
        },
        "node_modules/vue": {
            "version": "3.5.12",
            "license": "MIT",
            "dependencies": {
                "@vue/compiler-dom": "3.5.12",
                "@vue/compiler-sfc": "3.5.12",
                "@vue/runtime-dom": "3.5.12",
                "@vue/server-renderer": "3.5.12",
                "@vue/shared": "3.5.12"
            },
            "peerDependencies": {
                "typescript": "*"
            },
            "peerDependenciesMeta": {
                "typescript": {
                    "optional": true
                }
            }
        }
    }
}
